
Microsoft Visual Studio Solution File, Format Version 12.00
# Visual Studio Version 16
VisualStudioVersion = 16.0.30611.23
MinimumVisualStudioVersion = 15.0.26124.0
Project("{FAE04EC0-301F-11D3-BF4B-00C04F79EFBC}") = "Test3.Objects", "Objects/Test3.Objects.csproj", "bdba26c0-a9f6-4898-a449-50b3e9bdd1d2"
EndProject
Project("{FAE04EC0-301F-11D3-BF4B-00C04F79EFBC}") = "Test3.Tests", "Tests/Test3.Tests.csproj", "13005cc0-9c29-4721-a9fb-0425afe884a2"
EndProject
Project("{FAE04EC0-301F-11D3-BF4B-00C04F79EFBC}") = "Test3.IntegrationTests", "IntegrationTests/Test3.IntegrationTests.csproj", "e60b66af-081f-49e8-b37b-d7aec1313a8f"
EndProject
Global
	GlobalSection(SolutionConfigurationPlatforms) = preSolution
Debug|Any CPU = Debug|Any CPU
Release|Any CPU = Release|Any CPU
	EndGlobalSection
	GlobalSection(ProjectConfigurationPlatforms) = postSolution
		bdba26c0-a9f6-4898-a449-50b3e9bdd1d2.Debug|Any CPU.ActiveCfg = Debug|Any CPU
		bdba26c0-a9f6-4898-a449-50b3e9bdd1d2.Debug|Any CPU.Build.0 = Debug|Any CPU
		bdba26c0-a9f6-4898-a449-50b3e9bdd1d2.Release|Any CPU.ActiveCfg = Release|Any CPU
		bdba26c0-a9f6-4898-a449-50b3e9bdd1d2.Release|Any CPU.Build.0 = Release|Any CPU
		13005cc0-9c29-4721-a9fb-0425afe884a2.Debug|Any CPU.ActiveCfg = Debug|Any CPU
		13005cc0-9c29-4721-a9fb-0425afe884a2.Debug|Any CPU.Build.0 = Debug|Any CPU
		13005cc0-9c29-4721-a9fb-0425afe884a2.Release|Any CPU.ActiveCfg = Release|Any CPU
		13005cc0-9c29-4721-a9fb-0425afe884a2.Release|Any CPU.Build.0 = Release|Any CPU
		e60b66af-081f-49e8-b37b-d7aec1313a8f.Debug|Any CPU.ActiveCfg = Debug|Any CPU
		e60b66af-081f-49e8-b37b-d7aec1313a8f.Debug|Any CPU.Build.0 = Debug|Any CPU
		e60b66af-081f-49e8-b37b-d7aec1313a8f.Release|Any CPU.ActiveCfg = Release|Any CPU
		e60b66af-081f-49e8-b37b-d7aec1313a8f.Release|Any CPU.Build.0 = Release|Any CPU
	EndGlobalSection
	GlobalSection(SolutionProperties) = preSolution
		HideSolutionNode = FALSE
	EndGlobalSection
EndGlobal
